
Microsoft Visual Studio Solution File, Format Version 12.00
# Visual Studio Version 16
VisualStudioVersion = 16.0.30611.23
MinimumVisualStudioVersion = 10.0.40219.1
Project("{FAE04EC0-301F-11D3-BF4B-00C04F79EFBC}") = "CanSatGSW", "CanSatGSW.csproj", "{898C2C94-699B-4012-B55F-16A5DCCFD4EC}"
EndProject
Global
	GlobalSection(SolutionConfigurationPlatforms) = preSolution
		Debug|Any CPU = Debug|Any CPU
		Release|Any CPU = Release|Any CPU
	EndGlobalSection
	GlobalSection(ProjectConfigurationPlatforms) = postSolution
		{898C2C94-699B-4012-B55F-16A5DCCFD4EC}.Debug|Any CPU.ActiveCfg = Debug|Any CPU
		{898C2C94-699B-4012-B55F-16A5DCCFD4EC}.Debug|Any CPU.Build.0 = Debug|Any CPU
		{898C2C94-699B-4012-B55F-16A5DCCFD4EC}.Release|Any CPU.ActiveCfg = Release|Any CPU
		{898C2C94-699B-4012-B55F-16A5DCCFD4EC}.Release|Any CPU.Build.0 = Release|Any CPU
	EndGlobalSection
	GlobalSection(SolutionProperties) = preSolution
		HideSolutionNode = FALSE
	EndGlobalSection
	GlobalSection(ExtensibilityGlobals) = postSolution
		SolutionGuid = {B3002B59-E56F-423F-BC8F-5618EE21C3C6}
	EndGlobalSection
EndGlobal
